
Microsoft Visual Studio Solution File, Format Version 12.00
Project("{FAE04EC0-301F-11D3-BF4B-00C04F79EFBC}") = "GrpcService1", "GrpcService1\GrpcService1.csproj", "{83ACCA0D-533F-4215-9334-B25CF6D42D34}"
EndProject
Project("{FAE04EC0-301F-11D3-BF4B-00C04F79EFBC}") = "WagonClient", "WagonClient\WagonClient.csproj", "{5960389B-F205-443D-A6BA-D1AA564CF293}"
EndProject
Project("{FAE04EC0-301F-11D3-BF4B-00C04F79EFBC}") = "WpfApp1", "WpfApp1\WpfApp1.csproj", "{332C0E6D-0E65-4A62-8C3D-CC5BACC57CF9}"
EndProject
Global
	GlobalSection(SolutionConfigurationPlatforms) = preSolution
		Debug|Any CPU = Debug|Any CPU
		Release|Any CPU = Release|Any CPU
	EndGlobalSection
	GlobalSection(ProjectConfigurationPlatforms) = postSolution
		{83ACCA0D-533F-4215-9334-B25CF6D42D34}.Debug|Any CPU.ActiveCfg = Debug|Any CPU
		{83ACCA0D-533F-4215-9334-B25CF6D42D34}.Debug|Any CPU.Build.0 = Debug|Any CPU
		{83ACCA0D-533F-4215-9334-B25CF6D42D34}.Release|Any CPU.ActiveCfg = Release|Any CPU
		{83ACCA0D-533F-4215-9334-B25CF6D42D34}.Release|Any CPU.Build.0 = Release|Any CPU
		{5960389B-F205-443D-A6BA-D1AA564CF293}.Debug|Any CPU.ActiveCfg = Debug|Any CPU
		{5960389B-F205-443D-A6BA-D1AA564CF293}.Debug|Any CPU.Build.0 = Debug|Any CPU
		{5960389B-F205-443D-A6BA-D1AA564CF293}.Release|Any CPU.ActiveCfg = Release|Any CPU
		{5960389B-F205-443D-A6BA-D1AA564CF293}.Release|Any CPU.Build.0 = Release|Any CPU
		{332C0E6D-0E65-4A62-8C3D-CC5BACC57CF9}.Debug|Any CPU.ActiveCfg = Debug|Any CPU
		{332C0E6D-0E65-4A62-8C3D-CC5BACC57CF9}.Debug|Any CPU.Build.0 = Debug|Any CPU
		{332C0E6D-0E65-4A62-8C3D-CC5BACC57CF9}.Release|Any CPU.ActiveCfg = Release|Any CPU
		{332C0E6D-0E65-4A62-8C3D-CC5BACC57CF9}.Release|Any CPU.Build.0 = Release|Any CPU
	EndGlobalSection
EndGlobal
